
Microsoft Visual Studio Solution File, Format Version 12.00
# Visual Studio Version 16
VisualStudioVersion = 16.0.29911.84
MinimumVisualStudioVersion = 10.0.40219.1
Project("{FAE04EC0-301F-11D3-BF4B-00C04F79EFBC}") = "RoomalaisetNumerot", "RoomalaisetNumerot\RoomalaisetNumerot.csproj", "{86E6AA30-4E3C-4F3B-BF5D-0B4288ACA9FD}"
EndProject
Global
	GlobalSection(SolutionConfigurationPlatforms) = preSolution
		Debug|Any CPU = Debug|Any CPU
		Release|Any CPU = Release|Any CPU
	EndGlobalSection
	GlobalSection(ProjectConfigurationPlatforms) = postSolution
		{86E6AA30-4E3C-4F3B-BF5D-0B4288ACA9FD}.Debug|Any CPU.ActiveCfg = Debug|Any CPU
		{86E6AA30-4E3C-4F3B-BF5D-0B4288ACA9FD}.Debug|Any CPU.Build.0 = Debug|Any CPU
		{86E6AA30-4E3C-4F3B-BF5D-0B4288ACA9FD}.Release|Any CPU.ActiveCfg = Release|Any CPU
		{86E6AA30-4E3C-4F3B-BF5D-0B4288ACA9FD}.Release|Any CPU.Build.0 = Release|Any CPU
	EndGlobalSection
	GlobalSection(SolutionProperties) = preSolution
		HideSolutionNode = FALSE
	EndGlobalSection
	GlobalSection(ExtensibilityGlobals) = postSolution
		SolutionGuid = {1700AAD5-FA9B-410F-A2E3-7FA277738D49}
	EndGlobalSection
EndGlobal
