
Microsoft Visual Studio Solution File, Format Version 12.00
# Visual Studio Version 16
VisualStudioVersion = 16.0.29911.84
MinimumVisualStudioVersion = 10.0.40219.1
Project("{FAE04EC0-301F-11D3-BF4B-00C04F79EFBC}") = "Harjoitussivu3", "Harjoitussivu3\Harjoitussivu3.csproj", "{AC71B207-D0AE-4436-8A4E-79BCA95F4DB5}"
EndProject
Global
	GlobalSection(SolutionConfigurationPlatforms) = preSolution
		Debug|Any CPU = Debug|Any CPU
		Release|Any CPU = Release|Any CPU
	EndGlobalSection
	GlobalSection(ProjectConfigurationPlatforms) = postSolution
		{AC71B207-D0AE-4436-8A4E-79BCA95F4DB5}.Debug|Any CPU.ActiveCfg = Debug|Any CPU
		{AC71B207-D0AE-4436-8A4E-79BCA95F4DB5}.Debug|Any CPU.Build.0 = Debug|Any CPU
		{AC71B207-D0AE-4436-8A4E-79BCA95F4DB5}.Release|Any CPU.ActiveCfg = Release|Any CPU
		{AC71B207-D0AE-4436-8A4E-79BCA95F4DB5}.Release|Any CPU.Build.0 = Release|Any CPU
	EndGlobalSection
	GlobalSection(SolutionProperties) = preSolution
		HideSolutionNode = FALSE
	EndGlobalSection
	GlobalSection(ExtensibilityGlobals) = postSolution
		SolutionGuid = {4A5F5B7E-CE76-489B-8FC1-C02AAB1BF96C}
	EndGlobalSection
EndGlobal
